// !$*UTF8*$!
{
	archiveVersion = 1;
	classes = {
	};
	objectVersion = 48;
	objects = {

/* Begin PBXBuildFile section */
		A6FC6A5D1FD8D4E3002D875F /* AppDelegate.m in Sources */ = {isa = PBXBuildFile; fileRef = A6FC6A5C1FD8D4E3002D875F /* AppDelegate.m */; };
		A6FC6A601FD8D4E3002D875F /* ViewController.m in Sources */ = {isa = PBXBuildFile; fileRef = A6FC6A5F1FD8D4E3002D875F /* ViewController.m */; };
		A6FC6A631FD8D4E3002D875F /* Main.storyboard in Resources */ = {isa = PBXBuildFile; fileRef = A6FC6A611FD8D4E3002D875F /* Main.storyboard */; };
		A6FC6A661FD8D4E3002D875F /* polycaculate.xcdatamodeld in Sources */ = {isa = PBXBuildFile; fileRef = A6FC6A641FD8D4E3002D875F /* polycaculate.xcdatamodeld */; };
		A6FC6A681FD8D4E3002D875F /* Assets.xcassets in Resources */ = {isa = PBXBuildFile; fileRef = A6FC6A671FD8D4E3002D875F /* Assets.xcassets */; };
		A6FC6A6B1FD8D4E3002D875F /* LaunchScreen.storyboard in Resources */ = {isa = PBXBuildFile; fileRef = A6FC6A691FD8D4E3002D875F /* LaunchScreen.storyboard */; };
		A6FC6A6E1FD8D4E3002D875F /* main.m in Sources */ = {isa = PBXBuildFile; fileRef = A6FC6A6D1FD8D4E3002D875F /* main.m */; };
		A6FC6A781FD8D4E3002D875F /* polycaculateTests.m in Sources */ = {isa = PBXBuildFile; fileRef = A6FC6A771FD8D4E3002D875F /* polycaculateTests.m */; };
		A6FC6A831FD8D4E3002D875F /* polycaculateUITests.m in Sources */ = {isa = PBXBuildFile; fileRef = A6FC6A821FD8D4E3002D875F /* polycaculateUITests.m */; };
/* End PBXBuildFile section */

/* Begin PBXContainerItemProxy section */
		A6FC6A741FD8D4E3002D875F /* PBXContainerItemProxy */ = {
			isa = PBXContainerItemProxy;
			containerPortal = A6FC6A501FD8D4E2002D875F /* Project object */;
			proxyType = 1;
			remoteGlobalIDString = A6FC6A571FD8D4E3002D875F;
			remoteInfo = polycaculate;
		};
		A6FC6A7F1FD8D4E3002D875F /* PBXContainerItemProxy */ = {
			isa = PBXContainerItemProxy;
			containerPortal = A6FC6A501FD8D4E2002D875F /* Project object */;
			proxyType = 1;
			remoteGlobalIDString = A6FC6A571FD8D4E3002D875F;
			remoteInfo = polycaculate;
		};
/* End PBXContainerItemProxy section */

/* Begin PBXFileReference section */
		A6FC6A581FD8D4E3002D875F /* polycaculate.app */ = {isa = PBXFileReference; explicitFileType = wrapper.application; includeInIndex = 0; path = polycaculate.app; sourceTree = BUILT_PRODUCTS_DIR; };
		A6FC6A5B1FD8D4E3002D875F /* AppDelegate.h */ = {isa = PBXFileReference; lastKnownFileType = sourcecode.c.h; path = AppDelegate.h; sourceTree = "<group>"; };
		A6FC6A5C1FD8D4E3002D875F /* AppDelegate.m */ = {isa = PBXFileReference; lastKnownFileType = sourcecode.c.objc; path = AppDelegate.m; sourceTree = "<group>"; };
		A6FC6A5E1FD8D4E3002D875F /* ViewController.h */ = {isa = PBXFileReference; lastKnownFileType = sourcecode.c.h; path = ViewController.h; sourceTree = "<group>"; };
		A6FC6A5F1FD8D4E3002D875F /* ViewController.m */ = {isa = PBXFileReference; lastKnownFileType = sourcecode.c.objc; path = ViewController.m; sourceTree = "<group>"; };
		A6FC6A621FD8D4E3002D875F /* Base */ = {isa = PBXFileReference; lastKnownFileType = file.storyboard; name = Base; path = Base.lproj/Main.storyboard; sourceTree = "<group>"; };
		A6FC6A651FD8D4E3002D875F /* polycaculate.xcdatamodel */ = {isa = PBXFileReference; lastKnownFileType = wrapper.xcdatamodel; path = polycaculate.xcdatamodel; sourceTree = "<group>"; };
		A6FC6A671FD8D4E3002D875F /* Assets.xcassets */ = {isa = PBXFileReference; lastKnownFileType = folder.assetcatalog; path = Assets.xcassets; sourceTree = "<group>"; };
		A6FC6A6A1FD8D4E3002D875F /* Base */ = {isa = PBXFileReference; lastKnownFileType = file.storyboard; name = Base; path = Base.lproj/LaunchScreen.storyboard; sourceTree = "<group>"; };
		A6FC6A6C1FD8D4E3002D875F /* Info.plist */ = {isa = PBXFileReference; lastKnownFileType = text.plist.xml; path = Info.plist; sourceTree = "<group>"; };
		A6FC6A6D1FD8D4E3002D875F /* main.m */ = {isa = PBXFileReference; lastKnownFileType = sourcecode.c.objc; path = main.m; sourceTree = "<group>"; };
		A6FC6A731FD8D4E3002D875F /* polycaculateTests.xctest */ = {isa = PBXFileReference; explicitFileType = wrapper.cfbundle; includeInIndex = 0; path = polycaculateTests.xctest; sourceTree = BUILT_PRODUCTS_DIR; };
		A6FC6A771FD8D4E3002D875F /* polycaculateTests.m */ = {isa = PBXFileReference; lastKnownFileType = sourcecode.c.objc; path = polycaculateTests.m; sourceTree = "<group>"; };
		A6FC6A791FD8D4E3002D875F /* Info.plist */ = {isa = PBXFileReference; lastKnownFileType = text.plist.xml; path = Info.plist; sourceTree = "<group>"; };
		A6FC6A7E1FD8D4E3002D875F /* polycaculateUITests.xctest */ = {isa = PBXFileReference; explicitFileType = wrapper.cfbundle; includeInIndex = 0; path = polycaculateUITests.xctest; sourceTree = BUILT_PRODUCTS_DIR; };
		A6FC6A821FD8D4E3002D875F /* polycaculateUITests.m */ = {isa = PBXFileReference; lastKnownFileType = sourcecode.c.objc; path = polycaculateUITests.m; sourceTree = "<group>"; };
		A6FC6A841FD8D4E3002D875F /* Info.plist */ = {isa = PBXFileReference; lastKnownFileType = text.plist.xml; path = Info.plist; sourceTree = "<group>"; };
/* End PBXFileReference section */

/* Begin PBXFrameworksBuildPhase section */
		A6FC6A551FD8D4E3002D875F /* Frameworks */ = {
			isa = PBXFrameworksBuildPhase;
			buildActionMask = 2147483647;
			files = (
			);
			runOnlyForDeploymentPostprocessing = 0;
		};
		A6FC6A701FD8D4E3002D875F /* Frameworks */ = {
			isa = PBXFrameworksBuildPhase;
			buildActionMask = 2147483647;
			files = (
			);
			runOnlyForDeploymentPostprocessing = 0;
		};
		A6FC6A7B1FD8D4E3002D875F /* Frameworks */ = {
			isa = PBXFrameworksBuildPhase;
			buildActionMask = 2147483647;
			files = (
			);
			runOnlyForDeploymentPostprocessing = 0;
		};
/* End PBXFrameworksBuildPhase section */

/* Begin PBXGroup section */
		A6FC6A4F1FD8D4E2002D875F = {
			isa = PBXGroup;
			children = (
				A6FC6A5A1FD8D4E3002D875F /* polycaculate */,
				A6FC6A761FD8D4E3002D875F /* polycaculateTests */,
				A6FC6A811FD8D4E3002D875F /* polycaculateUITests */,
				A6FC6A591FD8D4E3002D875F /* Products */,
			);
			sourceTree = "<group>";
		};
		A6FC6A591FD8D4E3002D875F /* Products */ = {
			isa = PBXGroup;
			children = (
				A6FC6A581FD8D4E3002D875F /* polycaculate.app */,
				A6FC6A731FD8D4E3002D875F /* polycaculateTests.xctest */,
				A6FC6A7E1FD8D4E3002D875F /* polycaculateUITests.xctest */,
			);
			name = Products;
			sourceTree = "<group>";
		};
		A6FC6A5A1FD8D4E3002D875F /* polycaculate */ = {
			isa = PBXGroup;
			children = (
				A6FC6A5B1FD8D4E3002D875F /* AppDelegate.h */,
				A6FC6A5C1FD8D4E3002D875F /* AppDelegate.m */,
				A6FC6A5E1FD8D4E3002D875F /* ViewController.h */,
				A6FC6A5F1FD8D4E3002D875F /* ViewController.m */,
				A6FC6A611FD8D4E3002D875F /* Main.storyboard */,
				A6FC6A671FD8D4E3002D875F /* Assets.xcassets */,
				A6FC6A691FD8D4E3002D875F /* LaunchScreen.storyboard */,
				A6FC6A6C1FD8D4E3002D875F /* Info.plist */,
				A6FC6A6D1FD8D4E3002D875F /* main.m */,
				A6FC6A641FD8D4E3002D875F /* polycaculate.xcdatamodeld */,
			);
			path = polycaculate;
			sourceTree = "<group>";
		};
		A6FC6A761FD8D4E3002D875F /* polycaculateTests */ = {
			isa = PBXGroup;
			children = (
				A6FC6A771FD8D4E3002D875F /* polycaculateTests.m */,
				A6FC6A791FD8D4E3002D875F /* Info.plist */,
			);
			path = polycaculateTests;
			sourceTree = "<group>";
		};
		A6FC6A811FD8D4E3002D875F /* polycaculateUITests */ = {
			isa = PBXGroup;
			children = (
				A6FC6A821FD8D4E3002D875F /* polycaculateUITests.m */,
				A6FC6A841FD8D4E3002D875F /* Info.plist */,
			);
			path = polycaculateUITests;
			sourceTree = "<group>";
		};
/* End PBXGroup section */

/* Begin PBXNativeTarget section */
		A6FC6A571FD8D4E3002D875F /* polycaculate */ = {
			isa = PBXNativeTarget;
			buildConfigurationList = A6FC6A871FD8D4E3002D875F /* Build configuration list for PBXNativeTarget "polycaculate" */;
			buildPhases = (
				A6FC6A541FD8D4E3002D875F /* Sources */,
				A6FC6A551FD8D4E3002D875F /* Frameworks */,
				A6FC6A561FD8D4E3002D875F /* Resources */,
			);
			buildRules = (
			);
			dependencies = (
			);
			name = polycaculate;
			productName = polycaculate;
			productReference = A6FC6A581FD8D4E3002D875F /* polycaculate.app */;
			productType = "com.apple.product-type.application";
		};
		A6FC6A721FD8D4E3002D875F /* polycaculateTests */ = {
			isa = PBXNativeTarget;
			buildConfigurationList = A6FC6A8A1FD8D4E3002D875F /* Build configuration list for PBXNativeTarget "polycaculateTests" */;
			buildPhases = (
				A6FC6A6F1FD8D4E3002D875F /* Sources */,
				A6FC6A701FD8D4E3002D875F /* Frameworks */,
				A6FC6A711FD8D4E3002D875F /* Resources */,
			);
			buildRules = (
			);
			dependencies = (
				A6FC6A751FD8D4E3002D875F /* PBXTargetDependency */,
			);
			name = polycaculateTests;
			productName = polycaculateTests;
			productReference = A6FC6A731FD8D4E3002D875F /* polycaculateTests.xctest */;
			productType = "com.apple.product-type.bundle.unit-test";
		};
		A6FC6A7D1FD8D4E3002D875F /* polycaculateUITests */ = {
			isa = PBXNativeTarget;
			buildConfigurationList = A6FC6A8D1FD8D4E3002D875F /* Build configuration list for PBXNativeTarget "polycaculateUITests" */;
			buildPhases = (
				A6FC6A7A1FD8D4E3002D875F /* Sources */,
				A6FC6A7B1FD8D4E3002D875F /* Frameworks */,
				A6FC6A7C1FD8D4E3002D875F /* Resources */,
			);
			buildRules = (
			);
			dependencies = (
				A6FC6A801FD8D4E3002D875F /* PBXTargetDependency */,
			);
			name = polycaculateUITests;
			productName = polycaculateUITests;
			productReference = A6FC6A7E1FD8D4E3002D875F /* polycaculateUITests.xctest */;
			productType = "com.apple.product-type.bundle.ui-testing";
		};
/* End PBXNativeTarget section */

/* Begin PBXProject section */
		A6FC6A501FD8D4E2002D875F /* Project object */ = {
			isa = PBXProject;
			attributes = {
				LastUpgradeCheck = 0920;
				ORGANIZATIONNAME = "Otis Lin";
				TargetAttributes = {
					A6FC6A571FD8D4E3002D875F = {
						CreatedOnToolsVersion = 9.2;
						ProvisioningStyle = Automatic;
					};
					A6FC6A721FD8D4E3002D875F = {
						CreatedOnToolsVersion = 9.2;
						ProvisioningStyle = Automatic;
						TestTargetID = A6FC6A571FD8D4E3002D875F;
					};
					A6FC6A7D1FD8D4E3002D875F = {
						CreatedOnToolsVersion = 9.2;
						ProvisioningStyle = Automatic;
						TestTargetID = A6FC6A571FD8D4E3002D875F;
					};
				};
			};
			buildConfigurationList = A6FC6A531FD8D4E2002D875F /* Build configuration list for PBXProject "polycaculate" */;
			compatibilityVersion = "Xcode 8.0";
			developmentRegion = en;
			hasScannedForEncodings = 0;
			knownRegions = (
				en,
				Base,
			);
			mainGroup = A6FC6A4F1FD8D4E2002D875F;
			productRefGroup = A6FC6A591FD8D4E3002D875F /* Products */;
			projectDirPath = "";
			projectRoot = "";
			targets = (
				A6FC6A571FD8D4E3002D875F /* polycaculate */,
				A6FC6A721FD8D4E3002D875F /* polycaculateTests */,
				A6FC6A7D1FD8D4E3002D875F /* polycaculateUITests */,
			);
		};
/* End PBXProject section */

/* Begin PBXResourcesBuildPhase section */
		A6FC6A561FD8D4E3002D875F /* Resources */ = {
			isa = PBXResourcesBuildPhase;
			buildActionMask = 2147483647;
			files = (
				A6FC6A6B1FD8D4E3002D875F /* LaunchScreen.storyboard in Resources */,
				A6FC6A681FD8D4E3002D875F /* Assets.xcassets in Resources */,
				A6FC6A631FD8D4E3002D875F /* Main.storyboard in Resources */,
			);
			runOnlyForDeploymentPostprocessing = 0;
		};
		A6FC6A711FD8D4E3002D875F /* Resources */ = {
			isa = PBXResourcesBuildPhase;
			buildActionMask = 2147483647;
			files = (
			);
			runOnlyForDeploymentPostprocessing = 0;
		};
		A6FC6A7C1FD8D4E3002D875F /* Resources */ = {
			isa = PBXResourcesBuildPhase;
			buildActionMask = 2147483647;
			files = (
			);
			runOnlyForDeploymentPostprocessing = 0;
		};
/* End PBXResourcesBuildPhase section */

/* Begin PBXSourcesBuildPhase section */
		A6FC6A541FD8D4E3002D875F /* Sources */ = {
			isa = PBXSourcesBuildPhase;
			buildActionMask = 2147483647;
			files = (
				A6FC6A661FD8D4E3002D875F /* polycaculate.xcdatamodeld in Sources */,
				A6FC6A601FD8D4E3002D875F /* ViewController.m in Sources */,
				A6FC6A6E1FD8D4E3002D875F /* main.m in Sources */,
				A6FC6A5D1FD8D4E3002D875F /* AppDelegate.m in Sources */,
			);
			runOnlyForDeploymentPostprocessing = 0;
		};
		A6FC6A6F1FD8D4E3002D875F /* Sources */ = {
			isa = PBXSourcesBuildPhase;
			buildActionMask = 2147483647;
			files = (
				A6FC6A781FD8D4E3002D875F /* polycaculateTests.m in Sources */,
			);
			runOnlyForDeploymentPostprocessing = 0;
		};
		A6FC6A7A1FD8D4E3002D875F /* Sources */ = {
			isa = PBXSourcesBuildPhase;
			buildActionMask = 2147483647;
			files = (
				A6FC6A831FD8D4E3002D875F /* polycaculateUITests.m in Sources */,
			);
			runOnlyForDeploymentPostprocessing = 0;
		};
/* End PBXSourcesBuildPhase section */

/* Begin PBXTargetDependency section */
		A6FC6A751FD8D4E3002D875F /* PBXTargetDependency */ = {
			isa = PBXTargetDependency;
			target = A6FC6A571FD8D4E3002D875F /* polycaculate */;
			targetProxy = A6FC6A741FD8D4E3002D875F /* PBXContainerItemProxy */;
		};
		A6FC6A801FD8D4E3002D875F /* PBXTargetDependency */ = {
			isa = PBXTargetDependency;
			target = A6FC6A571FD8D4E3002D875F /* polycaculate */;
			targetProxy = A6FC6A7F1FD8D4E3002D875F /* PBXContainerItemProxy */;
		};
/* End PBXTargetDependency section */

/* Begin PBXVariantGroup section */
		A6FC6A611FD8D4E3002D875F /* Main.storyboard */ = {
			isa = PBXVariantGroup;
			children = (
				A6FC6A621FD8D4E3002D875F /* Base */,
			);
			name = Main.storyboard;
			sourceTree = "<group>";
		};
		A6FC6A691FD8D4E3002D875F /* LaunchScreen.storyboard */ = {
			isa = PBXVariantGroup;
			children = (
				A6FC6A6A1FD8D4E3002D875F /* Base */,
			);
			name = LaunchScreen.storyboard;
			sourceTree = "<group>";
		};
/* End PBXVariantGroup section */

/* Begin XCBuildConfiguration section */
		A6FC6A851FD8D4E3002D875F /* Debug */ = {
			isa = XCBuildConfiguration;
			buildSettings = {
				ALWAYS_SEARCH_USER_PATHS = NO;
				CLANG_ANALYZER_NONNULL = YES;
				CLANG_ANALYZER_NUMBER_OBJECT_CONVERSION = YES_AGGRESSIVE;
				CLANG_CXX_LANGUAGE_STANDARD = "gnu++14";
				CLANG_CXX_LIBRARY = "libc++";
				CLANG_ENABLE_MODULES = YES;
				CLANG_ENABLE_OBJC_ARC = YES;
				CLANG_WARN_BLOCK_CAPTURE_AUTORELEASING = YES;
				CLANG_WARN_BOOL_CONVERSION = YES;
				CLANG_WARN_COMMA = YES;
				CLANG_WARN_CONSTANT_CONVERSION = YES;
				CLANG_WARN_DIRECT_OBJC_ISA_USAGE = YES_ERROR;
				CLANG_WARN_DOCUMENTATION_COMMENTS = YES;
				CLANG_WARN_EMPTY_BODY = YES;
				CLANG_WARN_ENUM_CONVERSION = YES;
				CLANG_WARN_INFINITE_RECURSION = YES;
				CLANG_WARN_INT_CONVERSION = YES;
				CLANG_WARN_NON_LITERAL_NULL_CONVERSION = YES;
				CLANG_WARN_OBJC_LITERAL_CONVERSION = YES;
				CLANG_WARN_OBJC_ROOT_CLASS = YES_ERROR;
				CLANG_WARN_RANGE_LOOP_ANALYSIS = YES;
				CLANG_WARN_STRICT_PROTOTYPES = YES;
				CLANG_WARN_SUSPICIOUS_MOVE = YES;
				CLANG_WARN_UNGUARDED_AVAILABILITY = YES_AGGRESSIVE;
				CLANG_WARN_UNREACHABLE_CODE = YES;
				CLANG_WARN__DUPLICATE_METHOD_MATCH = YES;
				CODE_SIGN_IDENTITY = "iPhone Developer";
				COPY_PHASE_STRIP = NO;
				DEBUG_INFORMATION_FORMAT = dwarf;
				ENABLE_STRICT_OBJC_MSGSEND = YES;
				ENABLE_TESTABILITY = YES;
				GCC_C_LANGUAGE_STANDARD = gnu11;
				GCC_DYNAMIC_NO_PIC = NO;
				GCC_NO_COMMON_BLOCKS = YES;
				GCC_OPTIMIZATION_LEVEL = 0;
				GCC_PREPROCESSOR_DEFINITIONS = (
					"DEBUG=1",
					"$(inherited)",
				);
				GCC_WARN_64_TO_32_BIT_CONVERSION = YES;
				GCC_WARN_ABOUT_RETURN_TYPE = YES_ERROR;
				GCC_WARN_UNDECLARED_SELECTOR = YES;
				GCC_WARN_UNINITIALIZED_AUTOS = YES_AGGRESSIVE;
				GCC_WARN_UNUSED_FUNCTION = YES;
				GCC_WARN_UNUSED_VARIABLE = YES;
				IPHONEOS_DEPLOYMENT_TARGET = 11.2;
				MTL_ENABLE_DEBUG_INFO = YES;
				ONLY_ACTIVE_ARCH = YES;
				SDKROOT = iphoneos;
			};
			name = Debug;
		};
		A6FC6A861FD8D4E3002D875F /* Release */ = {
			isa = XCBuildConfiguration;
			buildSettings = {
				ALWAYS_SEARCH_USER_PATHS = NO;
				CLANG_ANALYZER_NONNULL = YES;
				CLANG_ANALYZER_NUMBER_OBJECT_CONVERSION = YES_AGGRESSIVE;
				CLANG_CXX_LANGUAGE_STANDARD = "gnu++14";
				CLANG_CXX_LIBRARY = "libc++";
				CLANG_ENABLE_MODULES = YES;
				CLANG_ENABLE_OBJC_ARC = YES;
				CLANG_WARN_BLOCK_CAPTURE_AUTORELEASING = YES;
				CLANG_WARN_BOOL_CONVERSION = YES;
				CLANG_WARN_COMMA = YES;
				CLANG_WARN_CONSTANT_CONVERSION = YES;
				CLANG_WARN_DIRECT_OBJC_ISA_USAGE = YES_ERROR;
				CLANG_WARN_DOCUMENTATION_COMMENTS = YES;
				CLANG_WARN_EMPTY_BODY = YES;
				CLANG_WARN_ENUM_CONVERSION = YES;
				CLANG_WARN_INFINITE_RECURSION = YES;
				CLANG_WARN_INT_CONVERSION = YES;
				CLANG_WARN_NON_LITERAL_NULL_CONVERSION = YES;
				CLANG_WARN_OBJC_LITERAL_CONVERSION = YES;
				CLANG_WARN_OBJC_ROOT_CLASS = YES_ERROR;
				CLANG_WARN_RANGE_LOOP_ANALYSIS = YES;
				CLANG_WARN_STRICT_PROTOTYPES = YES;
				CLANG_WARN_SUSPICIOUS_MOVE = YES;
				CLANG_WARN_UNGUARDED_AVAILABILITY = YES_AGGRESSIVE;
				CLANG_WARN_UNREACHABLE_CODE = YES;
				CLANG_WARN__DUPLICATE_METHOD_MATCH = YES;
				CODE_SIGN_IDENTITY = "iPhone Developer";
				COPY_PHASE_STRIP = NO;
				DEBUG_INFORMATION_FORMAT = "dwarf-with-dsym";
				ENABLE_NS_ASSERTIONS = NO;
				ENABLE_STRICT_OBJC_MSGSEND = YES;
				GCC_C_LANGUAGE_STANDARD = gnu11;
				GCC_NO_COMMON_BLOCKS = YES;
				GCC_WARN_64_TO_32_BIT_CONVERSION = YES;
				GCC_WARN_ABOUT_RETURN_TYPE = YES_ERROR;
				GCC_WARN_UNDECLARED_SELECTOR = YES;
				GCC_WARN_UNINITIALIZED_AUTOS = YES_AGGRESSIVE;
				GCC_WARN_UNUSED_FUNCTION = YES;
				GCC_WARN_UNUSED_VARIABLE = YES;
				IPHONEOS_DEPLOYMENT_TARGET = 11.2;
				MTL_ENABLE_DEBUG_INFO = NO;
				SDKROOT = iphoneos;
				VALIDATE_PRODUCT = YES;
			};
			name = Release;
		};
		A6FC6A881FD8D4E3002D875F /* Debug */ = {
			isa = XCBuildConfiguration;
			buildSettings = {
				ASSETCATALOG_COMPILER_APPICON_NAME = AppIcon;
				CODE_SIGN_STYLE = Automatic;
				DEVELOPMENT_TEAM = VW348Q679Z;
				INFOPLIST_FILE = polycaculate/Info.plist;
				LD_RUNPATH_SEARCH_PATHS = "$(inherited) @executable_path/Frameworks";
				PRODUCT_BUNDLE_IDENTIFIER = com.kkk.polycaculate;
				PRODUCT_NAME = "$(TARGET_NAME)";
				TARGETED_DEVICE_FAMILY = "1,2";
			};
			name = Debug;
		};
		A6FC6A891FD8D4E3002D875F /* Release */ = {
			isa = XCBuildConfiguration;
			buildSettings = {
				ASSETCATALOG_COMPILER_APPICON_NAME = AppIcon;
				CODE_SIGN_STYLE = Automatic;
				DEVELOPMENT_TEAM = VW348Q679Z;
				INFOPLIST_FILE = polycaculate/Info.plist;
				LD_RUNPATH_SEARCH_PATHS = "$(inherited) @executable_path/Frameworks";
				PRODUCT_BUNDLE_IDENTIFIER = com.kkk.polycaculate;
				PRODUCT_NAME = "$(TARGET_NAME)";
				TARGETED_DEVICE_FAMILY = "1,2";
			};
			name = Release;
		};
		A6FC6A8B1FD8D4E3002D875F /* Debug */ = {
			isa = XCBuildConfiguration;
			buildSettings = {
				BUNDLE_LOADER = "$(TEST_HOST)";
				CODE_SIGN_STYLE = Automatic;
				DEVELOPMENT_TEAM = VW348Q679Z;
				INFOPLIST_FILE = polycaculateTests/Info.plist;
				LD_RUNPATH_SEARCH_PATHS = "$(inherited) @executable_path/Frameworks @loader_path/Frameworks";
				PRODUCT_BUNDLE_IDENTIFIER = com.kkk.polycaculateTests;
				PRODUCT_NAME = "$(TARGET_NAME)";
				TARGETED_DEVICE_FAMILY = "1,2";
				TEST_HOST = "$(BUILT_PRODUCTS_DIR)/polycaculate.app/polycaculate";
			};
			name = Debug;
		};
		A6FC6A8C1FD8D4E3002D875F /* Release */ = {
			isa = XCBuildConfiguration;
			buildSettings = {
				BUNDLE_LOADER = "$(TEST_HOST)";
				CODE_SIGN_STYLE = Automatic;
				DEVELOPMENT_TEAM = VW348Q679Z;
				INFOPLIST_FILE = polycaculateTests/Info.plist;
				LD_RUNPATH_SEARCH_PATHS = "$(inherited) @executable_path/Frameworks @loader_path/Frameworks";
				PRODUCT_BUNDLE_IDENTIFIER = com.kkk.polycaculateTests;
				PRODUCT_NAME = "$(TARGET_NAME)";
				TARGETED_DEVICE_FAMILY = "1,2";
				TEST_HOST = "$(BUILT_PRODUCTS_DIR)/polycaculate.app/polycaculate";
			};
			name = Release;
		};
		A6FC6A8E1FD8D4E3002D875F /* Debug */ = {
			isa = XCBuildConfiguration;
			buildSettings = {
				CODE_SIGN_STYLE = Automatic;
				DEVELOPMENT_TEAM = VW348Q679Z;
				INFOPLIST_FILE = polycaculateUITests/Info.plist;
				LD_RUNPATH_SEARCH_PATHS = "$(inherited) @executable_path/Frameworks @loader_path/Frameworks";
				PRODUCT_BUNDLE_IDENTIFIER = com.kkk.polycaculateUITests;
				PRODUCT_NAME = "$(TARGET_NAME)";
				TARGETED_DEVICE_FAMILY = "1,2";
				TEST_TARGET_NAME = polycaculate;
			};
			name = Debug;
		};
		A6FC6A8F1FD8D4E3002D875F /* Release */ = {
			isa = XCBuildConfiguration;
			buildSettings = {
				CODE_SIGN_STYLE = Automatic;
				DEVELOPMENT_TEAM = VW348Q679Z;
				INFOPLIST_FILE = polycaculateUITests/Info.plist;
				LD_RUNPATH_SEARCH_PATHS = "$(inherited) @executable_path/Frameworks @loader_path/Frameworks";
				PRODUCT_BUNDLE_IDENTIFIER = com.kkk.polycaculateUITests;
				PRODUCT_NAME = "$(TARGET_NAME)";
				TARGETED_DEVICE_FAMILY = "1,2";
				TEST_TARGET_NAME = polycaculate;
			};
			name = Release;
		};
/* End XCBuildConfiguration section */

/* Begin XCConfigurationList section */
		A6FC6A531FD8D4E2002D875F /* Build configuration list for PBXProject "polycaculate" */ = {
			isa = XCConfigurationList;
			buildConfigurations = (
				A6FC6A851FD8D4E3002D875F /* Debug */,
				A6FC6A861FD8D4E3002D875F /* Release */,
			);
			defaultConfigurationIsVisible = 0;
			defaultConfigurationName = Release;
		};
		A6FC6A871FD8D4E3002D875F /* Build configuration list for PBXNativeTarget "polycaculate" */ = {
			isa = XCConfigurationList;
			buildConfigurations = (
				A6FC6A881FD8D4E3002D875F /* Debug */,
				A6FC6A891FD8D4E3002D875F /* Release */,
			);
			defaultConfigurationIsVisible = 0;
			defaultConfigurationName = Release;
		};
		A6FC6A8A1FD8D4E3002D875F /* Build configuration list for PBXNativeTarget "polycaculateTests" */ = {
			isa = XCConfigurationList;
			buildConfigurations = (
				A6FC6A8B1FD8D4E3002D875F /* Debug */,
				A6FC6A8C1FD8D4E3002D875F /* Release */,
			);
			defaultConfigurationIsVisible = 0;
			defaultConfigurationName = Release;
		};
		A6FC6A8D1FD8D4E3002D875F /* Build configuration list for PBXNativeTarget "polycaculateUITests" */ = {
			isa = XCConfigurationList;
			buildConfigurations = (
				A6FC6A8E1FD8D4E3002D875F /* Debug */,
				A6FC6A8F1FD8D4E3002D875F /* Release */,
			);
			defaultConfigurationIsVisible = 0;
			defaultConfigurationName = Release;
		};
/* End XCConfigurationList section */

/* Begin XCVersionGroup section */
		A6FC6A641FD8D4E3002D875F /* polycaculate.xcdatamodeld */ = {
			isa = XCVersionGroup;
			children = (
				A6FC6A651FD8D4E3002D875F /* polycaculate.xcdatamodel */,
			);
			currentVersion = A6FC6A651FD8D4E3002D875F /* polycaculate.xcdatamodel */;
			path = polycaculate.xcdatamodeld;
			sourceTree = "<group>";
			versionGroupType = wrapper.xcdatamodel;
		};
/* End XCVersionGroup section */
	};
	rootObject = A6FC6A501FD8D4E2002D875F /* Project object */;
}
