// !$*UTF8*$!
{
	archiveVersion = 1;
	classes = {
	};
	objectVersion = 48;
	objects = {

/* Begin PBXBuildFile section */
		04D471B563F731F76971324B /* libPods-polycaculateTests.a in Frameworks */ = {isa = PBXBuildFile; fileRef = 798984349CD97FBC464CE1F8 /* libPods-polycaculateTests.a */; };
		2E7AA0D0FCA97C5297CC6F93 /* libPods-polycaculateUITests.a in Frameworks */ = {isa = PBXBuildFile; fileRef = 992B9F763261E0B7E723EF16 /* libPods-polycaculateUITests.a */; };
		A6699AF41FD912CA00B5752D /* polygon_calculate.m in Sources */ = {isa = PBXBuildFile; fileRef = A6699AF31FD912CA00B5752D /* polygon_calculate.m */; };
		A6FC6A5D1FD8D4E3002D875F /* AppDelegate.m in Sources */ = {isa = PBXBuildFile; fileRef = A6FC6A5C1FD8D4E3002D875F /* AppDelegate.m */; };
		A6FC6A601FD8D4E3002D875F /* ViewController.m in Sources */ = {isa = PBXBuildFile; fileRef = A6FC6A5F1FD8D4E3002D875F /* ViewController.m */; };
		A6FC6A631FD8D4E3002D875F /* Main.storyboard in Resources */ = {isa = PBXBuildFile; fileRef = A6FC6A611FD8D4E3002D875F /* Main.storyboard */; };
		A6FC6A661FD8D4E3002D875F /* polycaculate.xcdatamodeld in Sources */ = {isa = PBXBuildFile; fileRef = A6FC6A641FD8D4E3002D875F /* polycaculate.xcdatamodeld */; };
		A6FC6A681FD8D4E3002D875F /* Assets.xcassets in Resources */ = {isa = PBXBuildFile; fileRef = A6FC6A671FD8D4E3002D875F /* Assets.xcassets */; };
		A6FC6A6B1FD8D4E3002D875F /* LaunchScreen.storyboard in Resources */ = {isa = PBXBuildFile; fileRef = A6FC6A691FD8D4E3002D875F /* LaunchScreen.storyboard */; };
		A6FC6A6E1FD8D4E3002D875F /* main.m in Sources */ = {isa = PBXBuildFile; fileRef = A6FC6A6D1FD8D4E3002D875F /* main.m */; };
		A6FC6A781FD8D4E3002D875F /* polycaculateTests.m in Sources */ = {isa = PBXBuildFile; fileRef = A6FC6A771FD8D4E3002D875F /* polycaculateTests.m */; };
		A6FC6A831FD8D4E3002D875F /* polycaculateUITests.m in Sources */ = {isa = PBXBuildFile; fileRef = A6FC6A821FD8D4E3002D875F /* polycaculateUITests.m */; };
		B49836782CFFA00CF4F05DE0 /* libPods-polycaculate.a in Frameworks */ = {isa = PBXBuildFile; fileRef = 81994C11F2C870D336BA8CD4 /* libPods-polycaculate.a */; };
/* End PBXBuildFile section */

/* Begin PBXContainerItemProxy section */
		A6FC6A741FD8D4E3002D875F /* PBXContainerItemProxy */ = {
			isa = PBXContainerItemProxy;
			containerPortal = A6FC6A501FD8D4E2002D875F /* Project object */;
			proxyType = 1;
			remoteGlobalIDString = A6FC6A571FD8D4E3002D875F;
			remoteInfo = polycaculate;
		};
		A6FC6A7F1FD8D4E3002D875F /* PBXContainerItemProxy */ = {
			isa = PBXContainerItemProxy;
			containerPortal = A6FC6A501FD8D4E2002D875F /* Project object */;
			proxyType = 1;
			remoteGlobalIDString = A6FC6A571FD8D4E3002D875F;
			remoteInfo = polycaculate;
		};
/* End PBXContainerItemProxy section */

/* Begin PBXFileReference section */
		0BAF454849305471A66DF565 /* Pods-polycaculateUITests.release.xcconfig */ = {isa = PBXFileReference; includeInIndex = 1; lastKnownFileType = text.xcconfig; name = "Pods-polycaculateUITests.release.xcconfig"; path = "Pods/Target Support Files/Pods-polycaculateUITests/Pods-polycaculateUITests.release.xcconfig"; sourceTree = "<group>"; };
		135C8A46DF8ADF49EF91A94E /* Pods-polycaculateTests.master.xcconfig */ = {isa = PBXFileReference; includeInIndex = 1; lastKnownFileType = text.xcconfig; name = "Pods-polycaculateTests.master.xcconfig"; path = "Pods/Target Support Files/Pods-polycaculateTests/Pods-polycaculateTests.master.xcconfig"; sourceTree = "<group>"; };
		32A9EB2D81B6164ED939950A /* Pods-polycaculateUITests.master.xcconfig */ = {isa = PBXFileReference; includeInIndex = 1; lastKnownFileType = text.xcconfig; name = "Pods-polycaculateUITests.master.xcconfig"; path = "Pods/Target Support Files/Pods-polycaculateUITests/Pods-polycaculateUITests.master.xcconfig"; sourceTree = "<group>"; };
		4C0EE7FA829D87C1DACA9414 /* Pods-polycaculateUITests.dev.xcconfig */ = {isa = PBXFileReference; includeInIndex = 1; lastKnownFileType = text.xcconfig; name = "Pods-polycaculateUITests.dev.xcconfig"; path = "Pods/Target Support Files/Pods-polycaculateUITests/Pods-polycaculateUITests.dev.xcconfig"; sourceTree = "<group>"; };
		5CE6F3F5D156FC81039DE4CC /* Pods-polycaculateTests.release.xcconfig */ = {isa = PBXFileReference; includeInIndex = 1; lastKnownFileType = text.xcconfig; name = "Pods-polycaculateTests.release.xcconfig"; path = "Pods/Target Support Files/Pods-polycaculateTests/Pods-polycaculateTests.release.xcconfig"; sourceTree = "<group>"; };
		798984349CD97FBC464CE1F8 /* libPods-polycaculateTests.a */ = {isa = PBXFileReference; explicitFileType = archive.ar; includeInIndex = 0; path = "libPods-polycaculateTests.a"; sourceTree = BUILT_PRODUCTS_DIR; };
		81994C11F2C870D336BA8CD4 /* libPods-polycaculate.a */ = {isa = PBXFileReference; explicitFileType = archive.ar; includeInIndex = 0; path = "libPods-polycaculate.a"; sourceTree = BUILT_PRODUCTS_DIR; };
		859362AD1AA739CB3D93F0B6 /* Pods-polycaculateTests.dev.xcconfig */ = {isa = PBXFileReference; includeInIndex = 1; lastKnownFileType = text.xcconfig; name = "Pods-polycaculateTests.dev.xcconfig"; path = "Pods/Target Support Files/Pods-polycaculateTests/Pods-polycaculateTests.dev.xcconfig"; sourceTree = "<group>"; };
		992B9F763261E0B7E723EF16 /* libPods-polycaculateUITests.a */ = {isa = PBXFileReference; explicitFileType = archive.ar; includeInIndex = 0; path = "libPods-polycaculateUITests.a"; sourceTree = BUILT_PRODUCTS_DIR; };
		A618A01A1FDA85B5008D642E /* Config.h */ = {isa = PBXFileReference; lastKnownFileType = sourcecode.c.h; path = Config.h; sourceTree = "<group>"; };
		A6699AF21FD912CA00B5752D /* polygon_calculate.h */ = {isa = PBXFileReference; lastKnownFileType = sourcecode.c.h; path = polygon_calculate.h; sourceTree = "<group>"; };
		A6699AF31FD912CA00B5752D /* polygon_calculate.m */ = {isa = PBXFileReference; lastKnownFileType = sourcecode.c.objc; path = polygon_calculate.m; sourceTree = "<group>"; };
		A6FC6A581FD8D4E3002D875F /* polycaculate.app */ = {isa = PBXFileReference; explicitFileType = wrapper.application; includeInIndex = 0; path = polycaculate.app; sourceTree = BUILT_PRODUCTS_DIR; };
		A6FC6A5B1FD8D4E3002D875F /* AppDelegate.h */ = {isa = PBXFileReference; lastKnownFileType = sourcecode.c.h; path = AppDelegate.h; sourceTree = "<group>"; };
		A6FC6A5C1FD8D4E3002D875F /* AppDelegate.m */ = {isa = PBXFileReference; lastKnownFileType = sourcecode.c.objc; path = AppDelegate.m; sourceTree = "<group>"; };
		A6FC6A5E1FD8D4E3002D875F /* ViewController.h */ = {isa = PBXFileReference; lastKnownFileType = sourcecode.c.h; path = ViewController.h; sourceTree = "<group>"; };
		A6FC6A5F1FD8D4E3002D875F /* ViewController.m */ = {isa = PBXFileReference; lastKnownFileType = sourcecode.c.objc; path = ViewController.m; sourceTree = "<group>"; };
		A6FC6A621FD8D4E3002D875F /* Base */ = {isa = PBXFileReference; lastKnownFileType = file.storyboard; name = Base; path = Base.lproj/Main.storyboard; sourceTree = "<group>"; };
		A6FC6A651FD8D4E3002D875F /* polycaculate.xcdatamodel */ = {isa = PBXFileReference; lastKnownFileType = wrapper.xcdatamodel; path = polycaculate.xcdatamodel; sourceTree = "<group>"; };
		A6FC6A671FD8D4E3002D875F /* Assets.xcassets */ = {isa = PBXFileReference; lastKnownFileType = folder.assetcatalog; path = Assets.xcassets; sourceTree = "<group>"; };
		A6FC6A6A1FD8D4E3002D875F /* Base */ = {isa = PBXFileReference; lastKnownFileType = file.storyboard; name = Base; path = Base.lproj/LaunchScreen.storyboard; sourceTree = "<group>"; };
		A6FC6A6C1FD8D4E3002D875F /* Info.plist */ = {isa = PBXFileReference; lastKnownFileType = text.plist.xml; path = Info.plist; sourceTree = "<group>"; };
		A6FC6A6D1FD8D4E3002D875F /* main.m */ = {isa = PBXFileReference; lastKnownFileType = sourcecode.c.objc; path = main.m; sourceTree = "<group>"; };
		A6FC6A731FD8D4E3002D875F /* polycaculateTests.xctest */ = {isa = PBXFileReference; explicitFileType = wrapper.cfbundle; includeInIndex = 0; path = polycaculateTests.xctest; sourceTree = BUILT_PRODUCTS_DIR; };
		A6FC6A771FD8D4E3002D875F /* polycaculateTests.m */ = {isa = PBXFileReference; lastKnownFileType = sourcecode.c.objc; path = polycaculateTests.m; sourceTree = "<group>"; };
		A6FC6A791FD8D4E3002D875F /* Info.plist */ = {isa = PBXFileReference; lastKnownFileType = text.plist.xml; path = Info.plist; sourceTree = "<group>"; };
		A6FC6A7E1FD8D4E3002D875F /* polycaculateUITests.xctest */ = {isa = PBXFileReference; explicitFileType = wrapper.cfbundle; includeInIndex = 0; path = polycaculateUITests.xctest; sourceTree = BUILT_PRODUCTS_DIR; };
		A6FC6A821FD8D4E3002D875F /* polycaculateUITests.m */ = {isa = PBXFileReference; lastKnownFileType = sourcecode.c.objc; path = polycaculateUITests.m; sourceTree = "<group>"; };
		A6FC6A841FD8D4E3002D875F /* Info.plist */ = {isa = PBXFileReference; lastKnownFileType = text.plist.xml; path = Info.plist; sourceTree = "<group>"; };
		A849AA4E1FA04DBFDE7F1D06 /* Pods-polycaculate.dev.xcconfig */ = {isa = PBXFileReference; includeInIndex = 1; lastKnownFileType = text.xcconfig; name = "Pods-polycaculate.dev.xcconfig"; path = "Pods/Target Support Files/Pods-polycaculate/Pods-polycaculate.dev.xcconfig"; sourceTree = "<group>"; };
		C8F528262EF5D322A5C2F1E6 /* Pods-polycaculate.release.xcconfig */ = {isa = PBXFileReference; includeInIndex = 1; lastKnownFileType = text.xcconfig; name = "Pods-polycaculate.release.xcconfig"; path = "Pods/Target Support Files/Pods-polycaculate/Pods-polycaculate.release.xcconfig"; sourceTree = "<group>"; };
		EA1008F4715E307801AE0BBF /* Pods-polycaculate.master.xcconfig */ = {isa = PBXFileReference; includeInIndex = 1; lastKnownFileType = text.xcconfig; name = "Pods-polycaculate.master.xcconfig"; path = "Pods/Target Support Files/Pods-polycaculate/Pods-polycaculate.master.xcconfig"; sourceTree = "<group>"; };
/* End PBXFileReference section */

/* Begin PBXFrameworksBuildPhase section */
		A6FC6A551FD8D4E3002D875F /* Frameworks */ = {
			isa = PBXFrameworksBuildPhase;
			buildActionMask = 2147483647;
			files = (
				B49836782CFFA00CF4F05DE0 /* libPods-polycaculate.a in Frameworks */,
			);
			runOnlyForDeploymentPostprocessing = 0;
		};
		A6FC6A701FD8D4E3002D875F /* Frameworks */ = {
			isa = PBXFrameworksBuildPhase;
			buildActionMask = 2147483647;
			files = (
				04D471B563F731F76971324B /* libPods-polycaculateTests.a in Frameworks */,
			);
			runOnlyForDeploymentPostprocessing = 0;
		};
		A6FC6A7B1FD8D4E3002D875F /* Frameworks */ = {
			isa = PBXFrameworksBuildPhase;
			buildActionMask = 2147483647;
			files = (
				2E7AA0D0FCA97C5297CC6F93 /* libPods-polycaculateUITests.a in Frameworks */,
			);
			runOnlyForDeploymentPostprocessing = 0;
		};
/* End PBXFrameworksBuildPhase section */

/* Begin PBXGroup section */
		1C85A7DF471D485520AC76CD /* Pods */ = {
			isa = PBXGroup;
			children = (
				EA1008F4715E307801AE0BBF /* Pods-polycaculate.master.xcconfig */,
				A849AA4E1FA04DBFDE7F1D06 /* Pods-polycaculate.dev.xcconfig */,
				C8F528262EF5D322A5C2F1E6 /* Pods-polycaculate.release.xcconfig */,
				135C8A46DF8ADF49EF91A94E /* Pods-polycaculateTests.master.xcconfig */,
				859362AD1AA739CB3D93F0B6 /* Pods-polycaculateTests.dev.xcconfig */,
				5CE6F3F5D156FC81039DE4CC /* Pods-polycaculateTests.release.xcconfig */,
				32A9EB2D81B6164ED939950A /* Pods-polycaculateUITests.master.xcconfig */,
				4C0EE7FA829D87C1DACA9414 /* Pods-polycaculateUITests.dev.xcconfig */,
				0BAF454849305471A66DF565 /* Pods-polycaculateUITests.release.xcconfig */,
			);
			name = Pods;
			sourceTree = "<group>";
		};
		2EB2D8C61E84FAD60C165B2B /* Frameworks */ = {
			isa = PBXGroup;
			children = (
				81994C11F2C870D336BA8CD4 /* libPods-polycaculate.a */,
				798984349CD97FBC464CE1F8 /* libPods-polycaculateTests.a */,
				992B9F763261E0B7E723EF16 /* libPods-polycaculateUITests.a */,
			);
			name = Frameworks;
			sourceTree = "<group>";
		};
		A6FC6A4F1FD8D4E2002D875F = {
			isa = PBXGroup;
			children = (
				A6FC6A5A1FD8D4E3002D875F /* polycaculate */,
				A6FC6A761FD8D4E3002D875F /* polycaculateTests */,
				A6FC6A811FD8D4E3002D875F /* polycaculateUITests */,
				A6FC6A591FD8D4E3002D875F /* Products */,
				1C85A7DF471D485520AC76CD /* Pods */,
				2EB2D8C61E84FAD60C165B2B /* Frameworks */,
			);
			sourceTree = "<group>";
		};
		A6FC6A591FD8D4E3002D875F /* Products */ = {
			isa = PBXGroup;
			children = (
				A6FC6A581FD8D4E3002D875F /* polycaculate.app */,
				A6FC6A731FD8D4E3002D875F /* polycaculateTests.xctest */,
				A6FC6A7E1FD8D4E3002D875F /* polycaculateUITests.xctest */,
			);
			name = Products;
			sourceTree = "<group>";
		};
		A6FC6A5A1FD8D4E3002D875F /* polycaculate */ = {
			isa = PBXGroup;
			children = (
				A6FC6A5B1FD8D4E3002D875F /* AppDelegate.h */,
				A6FC6A5C1FD8D4E3002D875F /* AppDelegate.m */,
				A6FC6A5E1FD8D4E3002D875F /* ViewController.h */,
				A6FC6A5F1FD8D4E3002D875F /* ViewController.m */,
				A618A01A1FDA85B5008D642E /* Config.h */,
				A6699AF21FD912CA00B5752D /* polygon_calculate.h */,
				A6699AF31FD912CA00B5752D /* polygon_calculate.m */,
				A6FC6A611FD8D4E3002D875F /* Main.storyboard */,
				A6FC6A671FD8D4E3002D875F /* Assets.xcassets */,
				A6FC6A691FD8D4E3002D875F /* LaunchScreen.storyboard */,
				A6FC6A6C1FD8D4E3002D875F /* Info.plist */,
				A6FC6A6D1FD8D4E3002D875F /* main.m */,
				A6FC6A641FD8D4E3002D875F /* polycaculate.xcdatamodeld */,
			);
			path = polycaculate;
			sourceTree = "<group>";
		};
		A6FC6A761FD8D4E3002D875F /* polycaculateTests */ = {
			isa = PBXGroup;
			children = (
				A6FC6A771FD8D4E3002D875F /* polycaculateTests.m */,
				A6FC6A791FD8D4E3002D875F /* Info.plist */,
			);
			path = polycaculateTests;
			sourceTree = "<group>";
		};
		A6FC6A811FD8D4E3002D875F /* polycaculateUITests */ = {
			isa = PBXGroup;
			children = (
				A6FC6A821FD8D4E3002D875F /* polycaculateUITests.m */,
				A6FC6A841FD8D4E3002D875F /* Info.plist */,
			);
			path = polycaculateUITests;
			sourceTree = "<group>";
		};
/* End PBXGroup section */

/* Begin PBXNativeTarget section */
		A6FC6A571FD8D4E3002D875F /* polycaculate */ = {
			isa = PBXNativeTarget;
			buildConfigurationList = A6FC6A871FD8D4E3002D875F /* Build configuration list for PBXNativeTarget "polycaculate" */;
			buildPhases = (
				37B554BAE8386E4B7EE642F1 /* [CP] Check Pods Manifest.lock */,
				A6FC6A541FD8D4E3002D875F /* Sources */,
				A6FC6A551FD8D4E3002D875F /* Frameworks */,
				A6FC6A561FD8D4E3002D875F /* Resources */,
				3C2FA117B604B6ED62C94B57 /* [CP] Embed Pods Frameworks */,
				E6BD5C261989481F31DFF959 /* [CP] Copy Pods Resources */,
			);
			buildRules = (
			);
			dependencies = (
			);
			name = polycaculate;
			productName = polycaculate;
			productReference = A6FC6A581FD8D4E3002D875F /* polycaculate.app */;
			productType = "com.apple.product-type.application";
		};
		A6FC6A721FD8D4E3002D875F /* polycaculateTests */ = {
			isa = PBXNativeTarget;
			buildConfigurationList = A6FC6A8A1FD8D4E3002D875F /* Build configuration list for PBXNativeTarget "polycaculateTests" */;
			buildPhases = (
				6B76690D6AB010B2DA28DCD3 /* [CP] Check Pods Manifest.lock */,
				A6FC6A6F1FD8D4E3002D875F /* Sources */,
				A6FC6A701FD8D4E3002D875F /* Frameworks */,
				A6FC6A711FD8D4E3002D875F /* Resources */,
				7DEF646F2190C8C26F5E5CB5 /* [CP] Embed Pods Frameworks */,
				EFAEA1BC6AADF546073047BE /* [CP] Copy Pods Resources */,
			);
			buildRules = (
			);
			dependencies = (
				A6FC6A751FD8D4E3002D875F /* PBXTargetDependency */,
			);
			name = polycaculateTests;
			productName = polycaculateTests;
			productReference = A6FC6A731FD8D4E3002D875F /* polycaculateTests.xctest */;
			productType = "com.apple.product-type.bundle.unit-test";
		};
		A6FC6A7D1FD8D4E3002D875F /* polycaculateUITests */ = {
			isa = PBXNativeTarget;
			buildConfigurationList = A6FC6A8D1FD8D4E3002D875F /* Build configuration list for PBXNativeTarget "polycaculateUITests" */;
			buildPhases = (
				2416BA1C32850CA441772A13 /* [CP] Check Pods Manifest.lock */,
				A6FC6A7A1FD8D4E3002D875F /* Sources */,
				A6FC6A7B1FD8D4E3002D875F /* Frameworks */,
				A6FC6A7C1FD8D4E3002D875F /* Resources */,
				61172A8E436CE0F0C20CEFAA /* [CP] Embed Pods Frameworks */,
				BF243DAAD2A0E0844B348ECB /* [CP] Copy Pods Resources */,
			);
			buildRules = (
			);
			dependencies = (
				A6FC6A801FD8D4E3002D875F /* PBXTargetDependency */,
			);
			name = polycaculateUITests;
			productName = polycaculateUITests;
			productReference = A6FC6A7E1FD8D4E3002D875F /* polycaculateUITests.xctest */;
			productType = "com.apple.product-type.bundle.ui-testing";
		};
/* End PBXNativeTarget section */

/* Begin PBXProject section */
		A6FC6A501FD8D4E2002D875F /* Project object */ = {
			isa = PBXProject;
			attributes = {
				LastUpgradeCheck = 0920;
				ORGANIZATIONNAME = "Otis Lin";
				TargetAttributes = {
					A6FC6A571FD8D4E3002D875F = {
						CreatedOnToolsVersion = 9.2;
						ProvisioningStyle = Automatic;
					};
					A6FC6A721FD8D4E3002D875F = {
						CreatedOnToolsVersion = 9.2;
						ProvisioningStyle = Automatic;
						TestTargetID = A6FC6A571FD8D4E3002D875F;
					};
					A6FC6A7D1FD8D4E3002D875F = {
						CreatedOnToolsVersion = 9.2;
						ProvisioningStyle = Automatic;
						TestTargetID = A6FC6A571FD8D4E3002D875F;
					};
				};
			};
			buildConfigurationList = A6FC6A531FD8D4E2002D875F /* Build configuration list for PBXProject "polycaculate" */;
			compatibilityVersion = "Xcode 8.0";
			developmentRegion = en;
			hasScannedForEncodings = 0;
			knownRegions = (
				en,
				Base,
			);
			mainGroup = A6FC6A4F1FD8D4E2002D875F;
			productRefGroup = A6FC6A591FD8D4E3002D875F /* Products */;
			projectDirPath = "";
			projectRoot = "";
			targets = (
				A6FC6A571FD8D4E3002D875F /* polycaculate */,
				A6FC6A721FD8D4E3002D875F /* polycaculateTests */,
				A6FC6A7D1FD8D4E3002D875F /* polycaculateUITests */,
			);
		};
/* End PBXProject section */

/* Begin PBXResourcesBuildPhase section */
		A6FC6A561FD8D4E3002D875F /* Resources */ = {
			isa = PBXResourcesBuildPhase;
			buildActionMask = 2147483647;
			files = (
				A6FC6A6B1FD8D4E3002D875F /* LaunchScreen.storyboard in Resources */,
				A6FC6A681FD8D4E3002D875F /* Assets.xcassets in Resources */,
				A6FC6A631FD8D4E3002D875F /* Main.storyboard in Resources */,
			);
			runOnlyForDeploymentPostprocessing = 0;
		};
		A6FC6A711FD8D4E3002D875F /* Resources */ = {
			isa = PBXResourcesBuildPhase;
			buildActionMask = 2147483647;
			files = (
			);
			runOnlyForDeploymentPostprocessing = 0;
		};
		A6FC6A7C1FD8D4E3002D875F /* Resources */ = {
			isa = PBXResourcesBuildPhase;
			buildActionMask = 2147483647;
			files = (
			);
			runOnlyForDeploymentPostprocessing = 0;
		};
/* End PBXResourcesBuildPhase section */

/* Begin PBXShellScriptBuildPhase section */
		2416BA1C32850CA441772A13 /* [CP] Check Pods Manifest.lock */ = {
			isa = PBXShellScriptBuildPhase;
			buildActionMask = 2147483647;
			files = (
			);
			inputPaths = (
			);
			name = "[CP] Check Pods Manifest.lock";
			outputPaths = (
			);
			runOnlyForDeploymentPostprocessing = 0;
			shellPath = /bin/sh;
			shellScript = "diff \"${PODS_PODFILE_DIR_PATH}/Podfile.lock\" \"${PODS_ROOT}/Manifest.lock\" > /dev/null\nif [ $? != 0 ] ; then\n    # print error to STDERR\n    echo \"error: The sandbox is not in sync with the Podfile.lock. Run 'pod install' or update your CocoaPods installation.\" >&2\n    exit 1\nfi\n";
			showEnvVarsInLog = 0;
		};
		37B554BAE8386E4B7EE642F1 /* [CP] Check Pods Manifest.lock */ = {
			isa = PBXShellScriptBuildPhase;
			buildActionMask = 2147483647;
			files = (
			);
			inputPaths = (
			);
			name = "[CP] Check Pods Manifest.lock";
			outputPaths = (
			);
			runOnlyForDeploymentPostprocessing = 0;
			shellPath = /bin/sh;
			shellScript = "diff \"${PODS_PODFILE_DIR_PATH}/Podfile.lock\" \"${PODS_ROOT}/Manifest.lock\" > /dev/null\nif [ $? != 0 ] ; then\n    # print error to STDERR\n    echo \"error: The sandbox is not in sync with the Podfile.lock. Run 'pod install' or update your CocoaPods installation.\" >&2\n    exit 1\nfi\n";
			showEnvVarsInLog = 0;
		};
		3C2FA117B604B6ED62C94B57 /* [CP] Embed Pods Frameworks */ = {
			isa = PBXShellScriptBuildPhase;
			buildActionMask = 2147483647;
			files = (
			);
			inputPaths = (
			);
			name = "[CP] Embed Pods Frameworks";
			outputPaths = (
			);
			runOnlyForDeploymentPostprocessing = 0;
			shellPath = /bin/sh;
			shellScript = "\"${SRCROOT}/Pods/Target Support Files/Pods-polycaculate/Pods-polycaculate-frameworks.sh\"\n";
			showEnvVarsInLog = 0;
		};
		61172A8E436CE0F0C20CEFAA /* [CP] Embed Pods Frameworks */ = {
			isa = PBXShellScriptBuildPhase;
			buildActionMask = 2147483647;
			files = (
			);
			inputPaths = (
			);
			name = "[CP] Embed Pods Frameworks";
			outputPaths = (
			);
			runOnlyForDeploymentPostprocessing = 0;
			shellPath = /bin/sh;
			shellScript = "\"${SRCROOT}/Pods/Target Support Files/Pods-polycaculateUITests/Pods-polycaculateUITests-frameworks.sh\"\n";
			showEnvVarsInLog = 0;
		};
		6B76690D6AB010B2DA28DCD3 /* [CP] Check Pods Manifest.lock */ = {
			isa = PBXShellScriptBuildPhase;
			buildActionMask = 2147483647;
			files = (
			);
			inputPaths = (
			);
			name = "[CP] Check Pods Manifest.lock";
			outputPaths = (
			);
			runOnlyForDeploymentPostprocessing = 0;
			shellPath = /bin/sh;
			shellScript = "diff \"${PODS_PODFILE_DIR_PATH}/Podfile.lock\" \"${PODS_ROOT}/Manifest.lock\" > /dev/null\nif [ $? != 0 ] ; then\n    # print error to STDERR\n    echo \"error: The sandbox is not in sync with the Podfile.lock. Run 'pod install' or update your CocoaPods installation.\" >&2\n    exit 1\nfi\n";
			showEnvVarsInLog = 0;
		};
		7DEF646F2190C8C26F5E5CB5 /* [CP] Embed Pods Frameworks */ = {
			isa = PBXShellScriptBuildPhase;
			buildActionMask = 2147483647;
			files = (
			);
			inputPaths = (
			);
			name = "[CP] Embed Pods Frameworks";
			outputPaths = (
			);
			runOnlyForDeploymentPostprocessing = 0;
			shellPath = /bin/sh;
			shellScript = "\"${SRCROOT}/Pods/Target Support Files/Pods-polycaculateTests/Pods-polycaculateTests-frameworks.sh\"\n";
			showEnvVarsInLog = 0;
		};
		BF243DAAD2A0E0844B348ECB /* [CP] Copy Pods Resources */ = {
			isa = PBXShellScriptBuildPhase;
			buildActionMask = 2147483647;
			files = (
			);
			inputPaths = (
			);
			name = "[CP] Copy Pods Resources";
			outputPaths = (
			);
			runOnlyForDeploymentPostprocessing = 0;
			shellPath = /bin/sh;
			shellScript = "\"${SRCROOT}/Pods/Target Support Files/Pods-polycaculateUITests/Pods-polycaculateUITests-resources.sh\"\n";
			showEnvVarsInLog = 0;
		};
		E6BD5C261989481F31DFF959 /* [CP] Copy Pods Resources */ = {
			isa = PBXShellScriptBuildPhase;
			buildActionMask = 2147483647;
			files = (
			);
			inputPaths = (
			);
			name = "[CP] Copy Pods Resources";
			outputPaths = (
			);
			runOnlyForDeploymentPostprocessing = 0;
			shellPath = /bin/sh;
			shellScript = "\"${SRCROOT}/Pods/Target Support Files/Pods-polycaculate/Pods-polycaculate-resources.sh\"\n";
			showEnvVarsInLog = 0;
		};
		EFAEA1BC6AADF546073047BE /* [CP] Copy Pods Resources */ = {
			isa = PBXShellScriptBuildPhase;
			buildActionMask = 2147483647;
			files = (
			);
			inputPaths = (
			);
			name = "[CP] Copy Pods Resources";
			outputPaths = (
			);
			runOnlyForDeploymentPostprocessing = 0;
			shellPath = /bin/sh;
			shellScript = "\"${SRCROOT}/Pods/Target Support Files/Pods-polycaculateTests/Pods-polycaculateTests-resources.sh\"\n";
			showEnvVarsInLog = 0;
		};
/* End PBXShellScriptBuildPhase section */

/* Begin PBXSourcesBuildPhase section */
		A6FC6A541FD8D4E3002D875F /* Sources */ = {
			isa = PBXSourcesBuildPhase;
			buildActionMask = 2147483647;
			files = (
				A6FC6A661FD8D4E3002D875F /* polycaculate.xcdatamodeld in Sources */,
				A6699AF41FD912CA00B5752D /* polygon_calculate.m in Sources */,
				A6FC6A601FD8D4E3002D875F /* ViewController.m in Sources */,
				A6FC6A6E1FD8D4E3002D875F /* main.m in Sources */,
				A6FC6A5D1FD8D4E3002D875F /* AppDelegate.m in Sources */,
			);
			runOnlyForDeploymentPostprocessing = 0;
		};
		A6FC6A6F1FD8D4E3002D875F /* Sources */ = {
			isa = PBXSourcesBuildPhase;
			buildActionMask = 2147483647;
			files = (
				A6FC6A781FD8D4E3002D875F /* polycaculateTests.m in Sources */,
			);
			runOnlyForDeploymentPostprocessing = 0;
		};
		A6FC6A7A1FD8D4E3002D875F /* Sources */ = {
			isa = PBXSourcesBuildPhase;
			buildActionMask = 2147483647;
			files = (
				A6FC6A831FD8D4E3002D875F /* polycaculateUITests.m in Sources */,
			);
			runOnlyForDeploymentPostprocessing = 0;
		};
/* End PBXSourcesBuildPhase section */

/* Begin PBXTargetDependency section */
		A6FC6A751FD8D4E3002D875F /* PBXTargetDependency */ = {
			isa = PBXTargetDependency;
			target = A6FC6A571FD8D4E3002D875F /* polycaculate */;
			targetProxy = A6FC6A741FD8D4E3002D875F /* PBXContainerItemProxy */;
		};
		A6FC6A801FD8D4E3002D875F /* PBXTargetDependency */ = {
			isa = PBXTargetDependency;
			target = A6FC6A571FD8D4E3002D875F /* polycaculate */;
			targetProxy = A6FC6A7F1FD8D4E3002D875F /* PBXContainerItemProxy */;
		};
/* End PBXTargetDependency section */

/* Begin PBXVariantGroup section */
		A6FC6A611FD8D4E3002D875F /* Main.storyboard */ = {
			isa = PBXVariantGroup;
			children = (
				A6FC6A621FD8D4E3002D875F /* Base */,
			);
			name = Main.storyboard;
			sourceTree = "<group>";
		};
		A6FC6A691FD8D4E3002D875F /* LaunchScreen.storyboard */ = {
			isa = PBXVariantGroup;
			children = (
				A6FC6A6A1FD8D4E3002D875F /* Base */,
			);
			name = LaunchScreen.storyboard;
			sourceTree = "<group>";
		};
/* End PBXVariantGroup section */

/* Begin XCBuildConfiguration section */
		A618A00E1FDA81C8008D642E /* Dev */ = {
			isa = XCBuildConfiguration;
			buildSettings = {
				ALWAYS_SEARCH_USER_PATHS = NO;
				CLANG_ANALYZER_NONNULL = YES;
				CLANG_ANALYZER_NUMBER_OBJECT_CONVERSION = YES_AGGRESSIVE;
				CLANG_CXX_LANGUAGE_STANDARD = "gnu++14";
				CLANG_CXX_LIBRARY = "libc++";
				CLANG_ENABLE_MODULES = YES;
				CLANG_ENABLE_OBJC_ARC = YES;
				CLANG_WARN_BLOCK_CAPTURE_AUTORELEASING = YES;
				CLANG_WARN_BOOL_CONVERSION = YES;
				CLANG_WARN_COMMA = YES;
				CLANG_WARN_CONSTANT_CONVERSION = YES;
				CLANG_WARN_DIRECT_OBJC_ISA_USAGE = YES_ERROR;
				CLANG_WARN_DOCUMENTATION_COMMENTS = YES;
				CLANG_WARN_EMPTY_BODY = YES;
				CLANG_WARN_ENUM_CONVERSION = YES;
				CLANG_WARN_INFINITE_RECURSION = YES;
				CLANG_WARN_INT_CONVERSION = YES;
				CLANG_WARN_NON_LITERAL_NULL_CONVERSION = YES;
				CLANG_WARN_OBJC_LITERAL_CONVERSION = YES;
				CLANG_WARN_OBJC_ROOT_CLASS = YES_ERROR;
				CLANG_WARN_RANGE_LOOP_ANALYSIS = YES;
				CLANG_WARN_STRICT_PROTOTYPES = YES;
				CLANG_WARN_SUSPICIOUS_MOVE = YES;
				CLANG_WARN_UNGUARDED_AVAILABILITY = YES_AGGRESSIVE;
				CLANG_WARN_UNREACHABLE_CODE = YES;
				CLANG_WARN__DUPLICATE_METHOD_MATCH = YES;
				CODE_SIGN_IDENTITY = "iPhone Developer";
				COPY_PHASE_STRIP = NO;
				DEBUG_INFORMATION_FORMAT = dwarf;
				ENABLE_STRICT_OBJC_MSGSEND = YES;
				ENABLE_TESTABILITY = YES;
				GCC_C_LANGUAGE_STANDARD = gnu11;
				GCC_DYNAMIC_NO_PIC = NO;
				GCC_NO_COMMON_BLOCKS = YES;
				GCC_OPTIMIZATION_LEVEL = 0;
				GCC_PREPROCESSOR_DEFINITIONS = (
					"Dev=1",
					"$(inherited)",
				);
				GCC_WARN_64_TO_32_BIT_CONVERSION = YES;
				GCC_WARN_ABOUT_RETURN_TYPE = YES_ERROR;
				GCC_WARN_UNDECLARED_SELECTOR = YES;
				GCC_WARN_UNINITIALIZED_AUTOS = YES_AGGRESSIVE;
				GCC_WARN_UNUSED_FUNCTION = YES;
				GCC_WARN_UNUSED_VARIABLE = YES;
				IPHONEOS_DEPLOYMENT_TARGET = 11.2;
				MTL_ENABLE_DEBUG_INFO = YES;
				ONLY_ACTIVE_ARCH = YES;
				SDKROOT = iphoneos;
			};
			name = Dev;
		};
		A618A00F1FDA81C8008D642E /* Dev */ = {
			isa = XCBuildConfiguration;
			baseConfigurationReference = A849AA4E1FA04DBFDE7F1D06 /* Pods-polycaculate.dev.xcconfig */;
			buildSettings = {
				ASSETCATALOG_COMPILER_APPICON_NAME = AppIcon;
				CODE_SIGN_STYLE = Automatic;
				DEVELOPMENT_TEAM = VW348Q679Z;
				INFOPLIST_FILE = polycaculate/Info.plist;
				IPHONEOS_DEPLOYMENT_TARGET = 10.3;
				LD_RUNPATH_SEARCH_PATHS = "$(inherited) @executable_path/Frameworks";
				PRODUCT_BUNDLE_IDENTIFIER = com.kkk.polycaculate;
				PRODUCT_NAME = "$(TARGET_NAME)";
				TARGETED_DEVICE_FAMILY = "1,2";
			};
			name = Dev;
		};
		A618A0101FDA81C8008D642E /* Dev */ = {
			isa = XCBuildConfiguration;
			baseConfigurationReference = 859362AD1AA739CB3D93F0B6 /* Pods-polycaculateTests.dev.xcconfig */;
			buildSettings = {
				BUNDLE_LOADER = "$(TEST_HOST)";
				CODE_SIGN_STYLE = Automatic;
				DEVELOPMENT_TEAM = VW348Q679Z;
				INFOPLIST_FILE = polycaculateTests/Info.plist;
				LD_RUNPATH_SEARCH_PATHS = "$(inherited) @executable_path/Frameworks @loader_path/Frameworks";
				PRODUCT_BUNDLE_IDENTIFIER = com.kkk.polycaculateTests;
				PRODUCT_NAME = "$(TARGET_NAME)";
				TARGETED_DEVICE_FAMILY = "1,2";
				TEST_HOST = "$(BUILT_PRODUCTS_DIR)/polycaculate.app/polycaculate";
			};
			name = Dev;
		};
		A618A0111FDA81C8008D642E /* Dev */ = {
			isa = XCBuildConfiguration;
			baseConfigurationReference = 4C0EE7FA829D87C1DACA9414 /* Pods-polycaculateUITests.dev.xcconfig */;
			buildSettings = {
				CODE_SIGN_STYLE = Automatic;
				DEVELOPMENT_TEAM = VW348Q679Z;
				INFOPLIST_FILE = polycaculateUITests/Info.plist;
				LD_RUNPATH_SEARCH_PATHS = "$(inherited) @executable_path/Frameworks @loader_path/Frameworks";
				PRODUCT_BUNDLE_IDENTIFIER = com.kkk.polycaculateUITests;
				PRODUCT_NAME = "$(TARGET_NAME)";
				TARGETED_DEVICE_FAMILY = "1,2";
				TEST_TARGET_NAME = polycaculate;
			};
			name = Dev;
		};
		A618A0121FDA81D3008D642E /* Master */ = {
			isa = XCBuildConfiguration;
			buildSettings = {
				ALWAYS_SEARCH_USER_PATHS = NO;
				CLANG_ANALYZER_NONNULL = YES;
				CLANG_ANALYZER_NUMBER_OBJECT_CONVERSION = YES_AGGRESSIVE;
				CLANG_CXX_LANGUAGE_STANDARD = "gnu++14";
				CLANG_CXX_LIBRARY = "libc++";
				CLANG_ENABLE_MODULES = YES;
				CLANG_ENABLE_OBJC_ARC = YES;
				CLANG_WARN_BLOCK_CAPTURE_AUTORELEASING = YES;
				CLANG_WARN_BOOL_CONVERSION = YES;
				CLANG_WARN_COMMA = YES;
				CLANG_WARN_CONSTANT_CONVERSION = YES;
				CLANG_WARN_DIRECT_OBJC_ISA_USAGE = YES_ERROR;
				CLANG_WARN_DOCUMENTATION_COMMENTS = YES;
				CLANG_WARN_EMPTY_BODY = YES;
				CLANG_WARN_ENUM_CONVERSION = YES;
				CLANG_WARN_INFINITE_RECURSION = YES;
				CLANG_WARN_INT_CONVERSION = YES;
				CLANG_WARN_NON_LITERAL_NULL_CONVERSION = YES;
				CLANG_WARN_OBJC_LITERAL_CONVERSION = YES;
				CLANG_WARN_OBJC_ROOT_CLASS = YES_ERROR;
				CLANG_WARN_RANGE_LOOP_ANALYSIS = YES;
				CLANG_WARN_STRICT_PROTOTYPES = YES;
				CLANG_WARN_SUSPICIOUS_MOVE = YES;
				CLANG_WARN_UNGUARDED_AVAILABILITY = YES_AGGRESSIVE;
				CLANG_WARN_UNREACHABLE_CODE = YES;
				CLANG_WARN__DUPLICATE_METHOD_MATCH = YES;
				CODE_SIGN_IDENTITY = "iPhone Developer";
				COPY_PHASE_STRIP = NO;
				DEBUG_INFORMATION_FORMAT = dwarf;
				ENABLE_STRICT_OBJC_MSGSEND = YES;
				ENABLE_TESTABILITY = YES;
				GCC_C_LANGUAGE_STANDARD = gnu11;
				GCC_DYNAMIC_NO_PIC = NO;
				GCC_NO_COMMON_BLOCKS = YES;
				GCC_OPTIMIZATION_LEVEL = 0;
				GCC_PREPROCESSOR_DEFINITIONS = (
					"Master=2",
					"$(inherited)",
				);
				GCC_WARN_64_TO_32_BIT_CONVERSION = YES;
				GCC_WARN_ABOUT_RETURN_TYPE = YES_ERROR;
				GCC_WARN_UNDECLARED_SELECTOR = YES;
				GCC_WARN_UNINITIALIZED_AUTOS = YES_AGGRESSIVE;
				GCC_WARN_UNUSED_FUNCTION = YES;
				GCC_WARN_UNUSED_VARIABLE = YES;
				IPHONEOS_DEPLOYMENT_TARGET = 11.2;
				MTL_ENABLE_DEBUG_INFO = YES;
				ONLY_ACTIVE_ARCH = YES;
				SDKROOT = iphoneos;
			};
			name = Master;
		};
		A618A0131FDA81D3008D642E /* Master */ = {
			isa = XCBuildConfiguration;
			baseConfigurationReference = EA1008F4715E307801AE0BBF /* Pods-polycaculate.master.xcconfig */;
			buildSettings = {
				ASSETCATALOG_COMPILER_APPICON_NAME = AppIcon;
				CODE_SIGN_STYLE = Automatic;
				DEVELOPMENT_TEAM = VW348Q679Z;
				INFOPLIST_FILE = polycaculate/Info.plist;
				IPHONEOS_DEPLOYMENT_TARGET = 10.3;
				LD_RUNPATH_SEARCH_PATHS = "$(inherited) @executable_path/Frameworks";
				PRODUCT_BUNDLE_IDENTIFIER = com.kkk.polycaculate;
				PRODUCT_NAME = "$(TARGET_NAME)";
				TARGETED_DEVICE_FAMILY = "1,2";
			};
			name = Master;
		};
		A618A0141FDA81D3008D642E /* Master */ = {
			isa = XCBuildConfiguration;
			baseConfigurationReference = 135C8A46DF8ADF49EF91A94E /* Pods-polycaculateTests.master.xcconfig */;
			buildSettings = {
				BUNDLE_LOADER = "$(TEST_HOST)";
				CODE_SIGN_STYLE = Automatic;
				DEVELOPMENT_TEAM = VW348Q679Z;
				INFOPLIST_FILE = polycaculateTests/Info.plist;
				LD_RUNPATH_SEARCH_PATHS = "$(inherited) @executable_path/Frameworks @loader_path/Frameworks";
				PRODUCT_BUNDLE_IDENTIFIER = com.kkk.polycaculateTests;
				PRODUCT_NAME = "$(TARGET_NAME)";
				TARGETED_DEVICE_FAMILY = "1,2";
				TEST_HOST = "$(BUILT_PRODUCTS_DIR)/polycaculate.app/polycaculate";
			};
			name = Master;
		};
		A618A0151FDA81D3008D642E /* Master */ = {
			isa = XCBuildConfiguration;
			baseConfigurationReference = 32A9EB2D81B6164ED939950A /* Pods-polycaculateUITests.master.xcconfig */;
			buildSettings = {
				CODE_SIGN_STYLE = Automatic;
				DEVELOPMENT_TEAM = VW348Q679Z;
				INFOPLIST_FILE = polycaculateUITests/Info.plist;
				LD_RUNPATH_SEARCH_PATHS = "$(inherited) @executable_path/Frameworks @loader_path/Frameworks";
				PRODUCT_BUNDLE_IDENTIFIER = com.kkk.polycaculateUITests;
				PRODUCT_NAME = "$(TARGET_NAME)";
				TARGETED_DEVICE_FAMILY = "1,2";
				TEST_TARGET_NAME = polycaculate;
			};
			name = Master;
		};
		A6FC6A861FD8D4E3002D875F /* Release */ = {
			isa = XCBuildConfiguration;
			buildSettings = {
				ALWAYS_SEARCH_USER_PATHS = NO;
				CLANG_ANALYZER_NONNULL = YES;
				CLANG_ANALYZER_NUMBER_OBJECT_CONVERSION = YES_AGGRESSIVE;
				CLANG_CXX_LANGUAGE_STANDARD = "gnu++14";
				CLANG_CXX_LIBRARY = "libc++";
				CLANG_ENABLE_MODULES = YES;
				CLANG_ENABLE_OBJC_ARC = YES;
				CLANG_WARN_BLOCK_CAPTURE_AUTORELEASING = YES;
				CLANG_WARN_BOOL_CONVERSION = YES;
				CLANG_WARN_COMMA = YES;
				CLANG_WARN_CONSTANT_CONVERSION = YES;
				CLANG_WARN_DIRECT_OBJC_ISA_USAGE = YES_ERROR;
				CLANG_WARN_DOCUMENTATION_COMMENTS = YES;
				CLANG_WARN_EMPTY_BODY = YES;
				CLANG_WARN_ENUM_CONVERSION = YES;
				CLANG_WARN_INFINITE_RECURSION = YES;
				CLANG_WARN_INT_CONVERSION = YES;
				CLANG_WARN_NON_LITERAL_NULL_CONVERSION = YES;
				CLANG_WARN_OBJC_LITERAL_CONVERSION = YES;
				CLANG_WARN_OBJC_ROOT_CLASS = YES_ERROR;
				CLANG_WARN_RANGE_LOOP_ANALYSIS = YES;
				CLANG_WARN_STRICT_PROTOTYPES = YES;
				CLANG_WARN_SUSPICIOUS_MOVE = YES;
				CLANG_WARN_UNGUARDED_AVAILABILITY = YES_AGGRESSIVE;
				CLANG_WARN_UNREACHABLE_CODE = YES;
				CLANG_WARN__DUPLICATE_METHOD_MATCH = YES;
				CODE_SIGN_IDENTITY = "iPhone Developer";
				COPY_PHASE_STRIP = NO;
				DEBUG_INFORMATION_FORMAT = "dwarf-with-dsym";
				ENABLE_NS_ASSERTIONS = NO;
				ENABLE_STRICT_OBJC_MSGSEND = YES;
				GCC_C_LANGUAGE_STANDARD = gnu11;
				GCC_NO_COMMON_BLOCKS = YES;
				GCC_WARN_64_TO_32_BIT_CONVERSION = YES;
				GCC_WARN_ABOUT_RETURN_TYPE = YES_ERROR;
				GCC_WARN_UNDECLARED_SELECTOR = YES;
				GCC_WARN_UNINITIALIZED_AUTOS = YES_AGGRESSIVE;
				GCC_WARN_UNUSED_FUNCTION = YES;
				GCC_WARN_UNUSED_VARIABLE = YES;
				IPHONEOS_DEPLOYMENT_TARGET = 11.2;
				MTL_ENABLE_DEBUG_INFO = NO;
				SDKROOT = iphoneos;
				VALIDATE_PRODUCT = YES;
			};
			name = Release;
		};
		A6FC6A891FD8D4E3002D875F /* Release */ = {
			isa = XCBuildConfiguration;
			baseConfigurationReference = C8F528262EF5D322A5C2F1E6 /* Pods-polycaculate.release.xcconfig */;
			buildSettings = {
				ASSETCATALOG_COMPILER_APPICON_NAME = AppIcon;
				CODE_SIGN_STYLE = Automatic;
				DEVELOPMENT_TEAM = VW348Q679Z;
				INFOPLIST_FILE = polycaculate/Info.plist;
				IPHONEOS_DEPLOYMENT_TARGET = 10.3;
				LD_RUNPATH_SEARCH_PATHS = "$(inherited) @executable_path/Frameworks";
				PRODUCT_BUNDLE_IDENTIFIER = com.kkk.polycaculate;
				PRODUCT_NAME = "$(TARGET_NAME)";
				TARGETED_DEVICE_FAMILY = "1,2";
			};
			name = Release;
		};
		A6FC6A8C1FD8D4E3002D875F /* Release */ = {
			isa = XCBuildConfiguration;
			baseConfigurationReference = 5CE6F3F5D156FC81039DE4CC /* Pods-polycaculateTests.release.xcconfig */;
			buildSettings = {
				BUNDLE_LOADER = "$(TEST_HOST)";
				CODE_SIGN_STYLE = Automatic;
				DEVELOPMENT_TEAM = VW348Q679Z;
				INFOPLIST_FILE = polycaculateTests/Info.plist;
				LD_RUNPATH_SEARCH_PATHS = "$(inherited) @executable_path/Frameworks @loader_path/Frameworks";
				PRODUCT_BUNDLE_IDENTIFIER = com.kkk.polycaculateTests;
				PRODUCT_NAME = "$(TARGET_NAME)";
				TARGETED_DEVICE_FAMILY = "1,2";
				TEST_HOST = "$(BUILT_PRODUCTS_DIR)/polycaculate.app/polycaculate";
			};
			name = Release;
		};
		A6FC6A8F1FD8D4E3002D875F /* Release */ = {
			isa = XCBuildConfiguration;
			baseConfigurationReference = 0BAF454849305471A66DF565 /* Pods-polycaculateUITests.release.xcconfig */;
			buildSettings = {
				CODE_SIGN_STYLE = Automatic;
				DEVELOPMENT_TEAM = VW348Q679Z;
				INFOPLIST_FILE = polycaculateUITests/Info.plist;
				LD_RUNPATH_SEARCH_PATHS = "$(inherited) @executable_path/Frameworks @loader_path/Frameworks";
				PRODUCT_BUNDLE_IDENTIFIER = com.kkk.polycaculateUITests;
				PRODUCT_NAME = "$(TARGET_NAME)";
				TARGETED_DEVICE_FAMILY = "1,2";
				TEST_TARGET_NAME = polycaculate;
			};
			name = Release;
		};
/* End XCBuildConfiguration section */

/* Begin XCConfigurationList section */
		A6FC6A531FD8D4E2002D875F /* Build configuration list for PBXProject "polycaculate" */ = {
			isa = XCConfigurationList;
			buildConfigurations = (
				A618A0121FDA81D3008D642E /* Master */,
				A618A00E1FDA81C8008D642E /* Dev */,
				A6FC6A861FD8D4E3002D875F /* Release */,
			);
			defaultConfigurationIsVisible = 0;
			defaultConfigurationName = Release;
		};
		A6FC6A871FD8D4E3002D875F /* Build configuration list for PBXNativeTarget "polycaculate" */ = {
			isa = XCConfigurationList;
			buildConfigurations = (
				A618A0131FDA81D3008D642E /* Master */,
				A618A00F1FDA81C8008D642E /* Dev */,
				A6FC6A891FD8D4E3002D875F /* Release */,
			);
			defaultConfigurationIsVisible = 0;
			defaultConfigurationName = Release;
		};
		A6FC6A8A1FD8D4E3002D875F /* Build configuration list for PBXNativeTarget "polycaculateTests" */ = {
			isa = XCConfigurationList;
			buildConfigurations = (
				A618A0141FDA81D3008D642E /* Master */,
				A618A0101FDA81C8008D642E /* Dev */,
				A6FC6A8C1FD8D4E3002D875F /* Release */,
			);
			defaultConfigurationIsVisible = 0;
			defaultConfigurationName = Release;
		};
		A6FC6A8D1FD8D4E3002D875F /* Build configuration list for PBXNativeTarget "polycaculateUITests" */ = {
			isa = XCConfigurationList;
			buildConfigurations = (
				A618A0151FDA81D3008D642E /* Master */,
				A618A0111FDA81C8008D642E /* Dev */,
				A6FC6A8F1FD8D4E3002D875F /* Release */,
			);
			defaultConfigurationIsVisible = 0;
			defaultConfigurationName = Release;
		};
/* End XCConfigurationList section */

/* Begin XCVersionGroup section */
		A6FC6A641FD8D4E3002D875F /* polycaculate.xcdatamodeld */ = {
			isa = XCVersionGroup;
			children = (
				A6FC6A651FD8D4E3002D875F /* polycaculate.xcdatamodel */,
			);
			currentVersion = A6FC6A651FD8D4E3002D875F /* polycaculate.xcdatamodel */;
			path = polycaculate.xcdatamodeld;
			sourceTree = "<group>";
			versionGroupType = wrapper.xcdatamodel;
		};
/* End XCVersionGroup section */
	};
	rootObject = A6FC6A501FD8D4E2002D875F /* Project object */;
}
